
Microsoft Visual Studio Solution File, Format Version 12.00
# Visual Studio Version 17
VisualStudioVersion = 17.14.36408.4 d17.14
MinimumVisualStudioVersion = 10.0.40219.1
Project("{FAE04EC0-301F-11D3-BF4B-00C04F79EFBC}") = "Lab10_OOP", "Lab10_OOP.csproj", "{E40720E0-B09F-479E-9265-A14496827871}"
EndProject
Global
	GlobalSection(SolutionConfigurationPlatforms) = preSolution
		Debug|Any CPU = Debug|Any CPU
		Release|Any CPU = Release|Any CPU
	EndGlobalSection
	GlobalSection(ProjectConfigurationPlatforms) = postSolution
		{E40720E0-B09F-479E-9265-A14496827871}.Debug|Any CPU.ActiveCfg = Debug|Any CPU
		{E40720E0-B09F-479E-9265-A14496827871}.Debug|Any CPU.Build.0 = Debug|Any CPU
		{E40720E0-B09F-479E-9265-A14496827871}.Release|Any CPU.ActiveCfg = Release|Any CPU
		{E40720E0-B09F-479E-9265-A14496827871}.Release|Any CPU.Build.0 = Release|Any CPU
	EndGlobalSection
	GlobalSection(SolutionProperties) = preSolution
		HideSolutionNode = FALSE
	EndGlobalSection
	GlobalSection(ExtensibilityGlobals) = postSolution
		SolutionGuid = {F8873F35-C19E-4BFF-B9FE-8C9F97BA5B26}
	EndGlobalSection
EndGlobal
